{
  "name": "shamrock",
  "version": "1.0.0",
  "lockfileVersion": 1,
  "requires": true,
  "dependencies": {
    "@ungap/create-content": {
      "version": "0.1.4",
      "resolved": "https://registry.npmjs.org/@ungap/create-content/-/create-content-0.1.4.tgz",
      "integrity": "sha512-YM6YQkF5wUxJlw5yDzEAzJfPK/kXR/GxIARx4NNJCInfx/nirHmy3ujPjfi7CaXjcVCwyfpv3vKQm6h762lbRA=="
    },
    "@ungap/event": {
      "version": "0.1.4",
      "resolved": "https://registry.npmjs.org/@ungap/event/-/event-0.1.4.tgz",
      "integrity": "sha512-WlFpkoMMN11NbY6dZs35LY5NRGCpf25h5VrYfRfPDKbMQOnxC/LttnRcmQG4xW4QLFqGYFuqurxgGRqhlFoBIg=="
    },
    "@ungap/import-node": {
      "version": "0.1.0",
      "resolved": "https://registry.npmjs.org/@ungap/import-node/-/import-node-0.1.0.tgz",
      "integrity": "sha512-FymNeJTWYNrZcnj7HFJwdaAZWrD1bUv8Na60RGIA142qtaRcOZs0KHGh+QSy7u7GNpW6wGnw9EdCQx4IYPE8cg=="
    },
    "@ungap/template-literal": {
      "version": "0.4.1",
      "resolved": "https://registry.npmjs.org/@ungap/template-literal/-/template-literal-0.4.1.tgz",
      "integrity": "sha512-+hoSovATXOiz+KaKP8qHSl1/4Pgvne1/1CjD17GeQv8AAIMU2JFTPidqYFowrpAFPvuzuSn3fUVQygePVNp/WQ==",
      "requires": {
        "@ungap/weakmap": "^0.1.4"
      }
    },
    "@ungap/template-tag-arguments": {
      "version": "0.3.1",
      "resolved": "https://registry.npmjs.org/@ungap/template-tag-arguments/-/template-tag-arguments-0.3.1.tgz",
      "integrity": "sha512-UGZGVfvEu1VenIPXQl/0IF/uTBoryMf0WZXWAgMC/HQECiUm0Cmy3DYB1sS3ybQf9XuXrYTUIECD3xTzQ0A9og==",
      "requires": {
        "@ungap/template-literal": "^0.4.1"
      }
    },
    "@ungap/trim": {
      "version": "0.1.1",
      "resolved": "https://registry.npmjs.org/@ungap/trim/-/trim-0.1.1.tgz",
      "integrity": "sha512-f2jiPMFD8qmoNV5kxZ6RwSwmnloxtGUcG3W5Fbe9rC3vwXlPxWT0g5J0mN3+rM9C/u1p24gIVTSxNBPOtyu7Sw=="
    },
    "@ungap/weakmap": {
      "version": "0.1.4",
      "resolved": "https://registry.npmjs.org/@ungap/weakmap/-/weakmap-0.1.4.tgz",
      "integrity": "sha512-TO4TTwlQXdjHKoWgKxsMqApnOV8JruaNilqOg0I04MTYb5+fj9taIVijS4ILwWg0ytQY5DwTKzPWj+0G+7bsXw=="
    },
    "@ungap/weakset": {
      "version": "0.1.5",
      "resolved": "https://registry.npmjs.org/@ungap/weakset/-/weakset-0.1.5.tgz",
      "integrity": "sha512-C8hEf9h8OjdiOkO4onVTRld6ssMGma9rkaXw6k97p2Hi9PRIHJHV9evEqFy2VVS+koLtTw4Bf4qFOwTGobazkA=="
    },
    "augmentor": {
      "version": "2.1.5",
      "resolved": "https://registry.npmjs.org/augmentor/-/augmentor-2.1.5.tgz",
      "integrity": "sha512-INlx7xzZbC0JhbVwG280qAyXcKR2O7J9nrxuO90i7VMk7qfPCNAyCM/mmOpSyGGMvYlrPizij7uToErOwgxtAA==",
      "requires": {
        "reraf": "^1.1.1"
      }
    },
    "domconstants": {
      "version": "0.1.1",
      "resolved": "https://registry.npmjs.org/domconstants/-/domconstants-0.1.1.tgz",
      "integrity": "sha512-Pk4K6tLOzSh0cZDuh7TQivZtYLC6Z8dNissoDyy2tQoVNg8ewScxG3AVJO76kLcTta/u7bgEO6xbIR97MiInfA=="
    },
    "domdiff": {
      "version": "2.2.1",
      "resolved": "https://registry.npmjs.org/domdiff/-/domdiff-2.2.1.tgz",
      "integrity": "sha512-TMhytimYWli3txUhRcCnbjKDi07SZgCexiJ0ud8PLuzQqkYzOenm8z3vqI+pskNsVfKAbZ2xZqpWxGmi8pnBRg=="
    },
    "domsanitizer": {
      "version": "0.2.2",
      "resolved": "https://registry.npmjs.org/domsanitizer/-/domsanitizer-0.2.2.tgz",
      "integrity": "sha512-2nqCaLWi+tpT7oOa862BVrG7bHzYlWFZ5ltmvt4LXECxe5FnwF/zKGs/gWanZWGmv1pwdUTkO9TamoZMqI0Pmg==",
      "requires": {
        "domconstants": "^0.1.1"
      }
    },
    "domtagger": {
      "version": "0.6.1",
      "resolved": "https://registry.npmjs.org/domtagger/-/domtagger-0.6.1.tgz",
      "integrity": "sha512-GZBz0HVVt4fUDKSQUZogHdsi8AvvcBxRXY2BoT2NTkNzpefhemhE2vJ12cMBS4D1cqnqJSzL1xybvikASNRrWQ==",
      "requires": {
        "@ungap/create-content": "^0.1.4",
        "@ungap/import-node": "^0.1.0",
        "@ungap/trim": "^0.1.1",
        "@ungap/weakmap": "^0.1.4",
        "domconstants": "^0.1.1",
        "domsanitizer": "^0.2.2"
      }
    },
    "heresy": {
      "version": "0.24.4",
      "resolved": "https://registry.npmjs.org/heresy/-/heresy-0.24.4.tgz",
      "integrity": "sha512-kMD236aNvgcUJvXPZYWXB5U4F6ML35cCJPr6GgI7ISg4C7XRBLeYHrnIDwk1mjyTUOOVBE43VUUcIszXkm399Q==",
      "requires": {
        "@ungap/event": "^0.1.4",
        "@ungap/template-literal": "^0.4.1",
        "@ungap/weakmap": "^0.1.4",
        "@ungap/weakset": "^0.1.5",
        "augmentor": "^2.1.5",
        "hyphenizer": "^0.1.1",
        "lighterhtml": "^2.0.9"
      }
    },
    "hyperhtml-style": {
      "version": "0.1.2",
      "resolved": "https://registry.npmjs.org/hyperhtml-style/-/hyperhtml-style-0.1.2.tgz",
      "integrity": "sha512-ZDRYNClEaqUS0a8RAED0nQRqWmZk7ctdyij3Iw/PqUUef6xhYO87nx9vJNuxg7Yc6J2FdJjXRKbB0iud2ZyzwQ=="
    },
    "hyperhtml-wire": {
      "version": "2.1.0",
      "resolved": "https://registry.npmjs.org/hyperhtml-wire/-/hyperhtml-wire-2.1.0.tgz",
      "integrity": "sha512-LqFs/MgvxyMVM8O3Fx7QcCDWWkga3JeMA7C1inHM71PIchupSyj2u/zG8Blw+KfJHIFmEsx09KxOrgykGqoopQ=="
    },
    "hyphenizer": {
      "version": "0.1.1",
      "resolved": "https://registry.npmjs.org/hyphenizer/-/hyphenizer-0.1.1.tgz",
      "integrity": "sha512-Cu5EsOWjfXPYubmrk3gdZ1f3fCNhSYO1XIE4Knmp8ZGylWM9GUTOJhNscVVVPYiPRhZAaNIq4stu87J9qA4YDw=="
    },
    "lighterhtml": {
      "version": "2.0.9",
      "resolved": "https://registry.npmjs.org/lighterhtml/-/lighterhtml-2.0.9.tgz",
      "integrity": "sha512-5Noxp9AetK/3WM9FSG8f5yUe0ugWKV0wphm0u7o5ckaaCGIkA7bJ9n7aQrlJ8yahw7bZ6P2HG1UccfRH5IODHw==",
      "requires": {
        "@ungap/create-content": "^0.1.4",
        "@ungap/template-tag-arguments": "^0.3.1",
        "@ungap/weakmap": "^0.1.4",
        "domdiff": "^2.2.1",
        "domsanitizer": "^0.2.2",
        "domtagger": "^0.6.1",
        "hyperhtml-style": "^0.1.2",
        "hyperhtml-wire": "^2.1.0"
      }
    },
    "reraf": {
      "version": "1.1.1",
      "resolved": "https://registry.npmjs.org/reraf/-/reraf-1.1.1.tgz",
      "integrity": "sha512-uwOsqdTxJAQCxqvJF4Kiz4orwO9B8OBJkGeW7/NWNirapPutgig/3xU3emruvfwUbb+t51V0zHtNw6d83RDlJQ=="
    }
  }
}
